
Microsoft Visual Studio Solution File, Format Version 12.00
# Visual Studio Version 16
VisualStudioVersion = 16.0.30621.155
MinimumVisualStudioVersion = 10.0.40219.1
Project("{9A19103F-16F7-4668-BE54-9A1E7A4F7556}") = "Leifez", "Leifez\Leifez.csproj", "{70C429D4-A50F-4B19-8E69-72B74246EFD3}"
EndProject
Project("{9A19103F-16F7-4668-BE54-9A1E7A4F7556}") = "Leifez.Core.Infrastructure", "Leifez.Core.Infrastructure\Leifez.Core.Infrastructure.csproj", "{63B1710C-E819-4CA1-90C7-A99527BF3DD3}"
EndProject
Project("{2150E333-8FDC-42A3-9474-1A3956D46DE8}") = "Core", "Core", "{D900ADF6-7A6A-4F78-888A-9A183C12117C}"
EndProject
Project("{9A19103F-16F7-4668-BE54-9A1E7A4F7556}") = "Leifez.Core.PostgreSQL", "Leifez.Core.PostgreSQL\Leifez.Core.PostgreSQL.csproj", "{7231908E-3BC0-4A50-B7CA-2C8F713BBEC8}"
EndProject
Project("{2150E333-8FDC-42A3-9474-1A3956D46DE8}") = "Common", "Common", "{A43B7DD6-6752-479F-9D79-3FADCB3A8945}"
EndProject
Project("{9A19103F-16F7-4668-BE54-9A1E7A4F7556}") = "Leifez.Common.Web", "Leifez.Common.Web\Leifez.Common.Web.csproj", "{BC771CEB-4136-4DE5-9574-6AAB31012C46}"
EndProject
Project("{2150E333-8FDC-42A3-9474-1A3956D46DE8}") = "Application", "Application", "{0DD65971-F4D9-4AB1-B765-4768E8AA1851}"
EndProject
Project("{9A19103F-16F7-4668-BE54-9A1E7A4F7556}") = "Leifez.Application.Service", "Leifez.Application.Service\Leifez.Application.Service.csproj", "{2956DBCF-8269-460E-A75B-782EBBC3D687}"
EndProject
Project("{9A19103F-16F7-4668-BE54-9A1E7A4F7556}") = "Leifez.Application.Domain", "Leifez.Application.Domain\Leifez.Application.Domain.csproj", "{5330F528-662E-4F51-8F94-7FC15526353F}"
EndProject
Project("{9A19103F-16F7-4668-BE54-9A1E7A4F7556}") = "Leifez.Common.Mapping", "Leifez.Common.Mapping\Leifez.Common.Mapping.csproj", "{00BBEF13-2B10-4AEE-A773-8A16B7927DAC}"
EndProject
Project("{9A19103F-16F7-4668-BE54-9A1E7A4F7556}") = "Leifez.Common.Configuration", "Leifez.Common.Configuration\Leifez.Common.Configuration.csproj", "{6AF18914-72B0-4E0B-AF0C-D4B78FBBE1B7}"
EndProject
Global
	GlobalSection(SolutionConfigurationPlatforms) = preSolution
		Debug|Any CPU = Debug|Any CPU
		Local|Any CPU = Local|Any CPU
		Prod|Any CPU = Prod|Any CPU
		Release|Any CPU = Release|Any CPU
	EndGlobalSection
	GlobalSection(ProjectConfigurationPlatforms) = postSolution
		{70C429D4-A50F-4B19-8E69-72B74246EFD3}.Debug|Any CPU.ActiveCfg = Debug|Any CPU
		{70C429D4-A50F-4B19-8E69-72B74246EFD3}.Debug|Any CPU.Build.0 = Debug|Any CPU
		{70C429D4-A50F-4B19-8E69-72B74246EFD3}.Local|Any CPU.ActiveCfg = Local|Any CPU
		{70C429D4-A50F-4B19-8E69-72B74246EFD3}.Local|Any CPU.Build.0 = Local|Any CPU
		{70C429D4-A50F-4B19-8E69-72B74246EFD3}.Prod|Any CPU.ActiveCfg = Prod|Any CPU
		{70C429D4-A50F-4B19-8E69-72B74246EFD3}.Prod|Any CPU.Build.0 = Prod|Any CPU
		{70C429D4-A50F-4B19-8E69-72B74246EFD3}.Release|Any CPU.ActiveCfg = Release|Any CPU
		{70C429D4-A50F-4B19-8E69-72B74246EFD3}.Release|Any CPU.Build.0 = Release|Any CPU
		{63B1710C-E819-4CA1-90C7-A99527BF3DD3}.Debug|Any CPU.ActiveCfg = Debug|Any CPU
		{63B1710C-E819-4CA1-90C7-A99527BF3DD3}.Debug|Any CPU.Build.0 = Debug|Any CPU
		{63B1710C-E819-4CA1-90C7-A99527BF3DD3}.Local|Any CPU.ActiveCfg = Local|Any CPU
		{63B1710C-E819-4CA1-90C7-A99527BF3DD3}.Local|Any CPU.Build.0 = Local|Any CPU
		{63B1710C-E819-4CA1-90C7-A99527BF3DD3}.Prod|Any CPU.ActiveCfg = Prod|Any CPU
		{63B1710C-E819-4CA1-90C7-A99527BF3DD3}.Prod|Any CPU.Build.0 = Prod|Any CPU
		{63B1710C-E819-4CA1-90C7-A99527BF3DD3}.Release|Any CPU.ActiveCfg = Release|Any CPU
		{63B1710C-E819-4CA1-90C7-A99527BF3DD3}.Release|Any CPU.Build.0 = Release|Any CPU
		{7231908E-3BC0-4A50-B7CA-2C8F713BBEC8}.Debug|Any CPU.ActiveCfg = Debug|Any CPU
		{7231908E-3BC0-4A50-B7CA-2C8F713BBEC8}.Debug|Any CPU.Build.0 = Debug|Any CPU
		{7231908E-3BC0-4A50-B7CA-2C8F713BBEC8}.Local|Any CPU.ActiveCfg = Local|Any CPU
		{7231908E-3BC0-4A50-B7CA-2C8F713BBEC8}.Local|Any CPU.Build.0 = Local|Any CPU
		{7231908E-3BC0-4A50-B7CA-2C8F713BBEC8}.Prod|Any CPU.ActiveCfg = Prod|Any CPU
		{7231908E-3BC0-4A50-B7CA-2C8F713BBEC8}.Prod|Any CPU.Build.0 = Prod|Any CPU
		{7231908E-3BC0-4A50-B7CA-2C8F713BBEC8}.Release|Any CPU.ActiveCfg = Release|Any CPU
		{7231908E-3BC0-4A50-B7CA-2C8F713BBEC8}.Release|Any CPU.Build.0 = Release|Any CPU
		{BC771CEB-4136-4DE5-9574-6AAB31012C46}.Debug|Any CPU.ActiveCfg = Debug|Any CPU
		{BC771CEB-4136-4DE5-9574-6AAB31012C46}.Debug|Any CPU.Build.0 = Debug|Any CPU
		{BC771CEB-4136-4DE5-9574-6AAB31012C46}.Local|Any CPU.ActiveCfg = Local|Any CPU
		{BC771CEB-4136-4DE5-9574-6AAB31012C46}.Local|Any CPU.Build.0 = Local|Any CPU
		{BC771CEB-4136-4DE5-9574-6AAB31012C46}.Prod|Any CPU.ActiveCfg = Prod|Any CPU
		{BC771CEB-4136-4DE5-9574-6AAB31012C46}.Prod|Any CPU.Build.0 = Prod|Any CPU
		{BC771CEB-4136-4DE5-9574-6AAB31012C46}.Release|Any CPU.ActiveCfg = Release|Any CPU
		{BC771CEB-4136-4DE5-9574-6AAB31012C46}.Release|Any CPU.Build.0 = Release|Any CPU
		{2956DBCF-8269-460E-A75B-782EBBC3D687}.Debug|Any CPU.ActiveCfg = Debug|Any CPU
		{2956DBCF-8269-460E-A75B-782EBBC3D687}.Debug|Any CPU.Build.0 = Debug|Any CPU
		{2956DBCF-8269-460E-A75B-782EBBC3D687}.Local|Any CPU.ActiveCfg = Local|Any CPU
		{2956DBCF-8269-460E-A75B-782EBBC3D687}.Local|Any CPU.Build.0 = Local|Any CPU
		{2956DBCF-8269-460E-A75B-782EBBC3D687}.Prod|Any CPU.ActiveCfg = Prod|Any CPU
		{2956DBCF-8269-460E-A75B-782EBBC3D687}.Prod|Any CPU.Build.0 = Prod|Any CPU
		{2956DBCF-8269-460E-A75B-782EBBC3D687}.Release|Any CPU.ActiveCfg = Release|Any CPU
		{2956DBCF-8269-460E-A75B-782EBBC3D687}.Release|Any CPU.Build.0 = Release|Any CPU
		{5330F528-662E-4F51-8F94-7FC15526353F}.Debug|Any CPU.ActiveCfg = Debug|Any CPU
		{5330F528-662E-4F51-8F94-7FC15526353F}.Debug|Any CPU.Build.0 = Debug|Any CPU
		{5330F528-662E-4F51-8F94-7FC15526353F}.Local|Any CPU.ActiveCfg = Local|Any CPU
		{5330F528-662E-4F51-8F94-7FC15526353F}.Local|Any CPU.Build.0 = Local|Any CPU
		{5330F528-662E-4F51-8F94-7FC15526353F}.Prod|Any CPU.ActiveCfg = Prod|Any CPU
		{5330F528-662E-4F51-8F94-7FC15526353F}.Prod|Any CPU.Build.0 = Prod|Any CPU
		{5330F528-662E-4F51-8F94-7FC15526353F}.Release|Any CPU.ActiveCfg = Release|Any CPU
		{5330F528-662E-4F51-8F94-7FC15526353F}.Release|Any CPU.Build.0 = Release|Any CPU
		{00BBEF13-2B10-4AEE-A773-8A16B7927DAC}.Debug|Any CPU.ActiveCfg = Debug|Any CPU
		{00BBEF13-2B10-4AEE-A773-8A16B7927DAC}.Debug|Any CPU.Build.0 = Debug|Any CPU
		{00BBEF13-2B10-4AEE-A773-8A16B7927DAC}.Local|Any CPU.ActiveCfg = Local|Any CPU
		{00BBEF13-2B10-4AEE-A773-8A16B7927DAC}.Local|Any CPU.Build.0 = Local|Any CPU
		{00BBEF13-2B10-4AEE-A773-8A16B7927DAC}.Prod|Any CPU.ActiveCfg = Prod|Any CPU
		{00BBEF13-2B10-4AEE-A773-8A16B7927DAC}.Prod|Any CPU.Build.0 = Prod|Any CPU
		{00BBEF13-2B10-4AEE-A773-8A16B7927DAC}.Release|Any CPU.ActiveCfg = Release|Any CPU
		{00BBEF13-2B10-4AEE-A773-8A16B7927DAC}.Release|Any CPU.Build.0 = Release|Any CPU
		{6AF18914-72B0-4E0B-AF0C-D4B78FBBE1B7}.Debug|Any CPU.ActiveCfg = Debug|Any CPU
		{6AF18914-72B0-4E0B-AF0C-D4B78FBBE1B7}.Debug|Any CPU.Build.0 = Debug|Any CPU
		{6AF18914-72B0-4E0B-AF0C-D4B78FBBE1B7}.Local|Any CPU.ActiveCfg = Debug|Any CPU
		{6AF18914-72B0-4E0B-AF0C-D4B78FBBE1B7}.Local|Any CPU.Build.0 = Debug|Any CPU
		{6AF18914-72B0-4E0B-AF0C-D4B78FBBE1B7}.Prod|Any CPU.ActiveCfg = Debug|Any CPU
		{6AF18914-72B0-4E0B-AF0C-D4B78FBBE1B7}.Prod|Any CPU.Build.0 = Debug|Any CPU
		{6AF18914-72B0-4E0B-AF0C-D4B78FBBE1B7}.Release|Any CPU.ActiveCfg = Release|Any CPU
		{6AF18914-72B0-4E0B-AF0C-D4B78FBBE1B7}.Release|Any CPU.Build.0 = Release|Any CPU
	EndGlobalSection
	GlobalSection(SolutionProperties) = preSolution
		HideSolutionNode = FALSE
	EndGlobalSection
	GlobalSection(NestedProjects) = preSolution
		{63B1710C-E819-4CA1-90C7-A99527BF3DD3} = {D900ADF6-7A6A-4F78-888A-9A183C12117C}
		{7231908E-3BC0-4A50-B7CA-2C8F713BBEC8} = {D900ADF6-7A6A-4F78-888A-9A183C12117C}
		{BC771CEB-4136-4DE5-9574-6AAB31012C46} = {A43B7DD6-6752-479F-9D79-3FADCB3A8945}
		{2956DBCF-8269-460E-A75B-782EBBC3D687} = {0DD65971-F4D9-4AB1-B765-4768E8AA1851}
		{5330F528-662E-4F51-8F94-7FC15526353F} = {0DD65971-F4D9-4AB1-B765-4768E8AA1851}
		{00BBEF13-2B10-4AEE-A773-8A16B7927DAC} = {A43B7DD6-6752-479F-9D79-3FADCB3A8945}
		{6AF18914-72B0-4E0B-AF0C-D4B78FBBE1B7} = {A43B7DD6-6752-479F-9D79-3FADCB3A8945}
	EndGlobalSection
	GlobalSection(ExtensibilityGlobals) = postSolution
		SolutionGuid = {23354920-A38D-4793-9929-D634B33FF557}
	EndGlobalSection
EndGlobal
